
Microsoft Visual Studio Solution File, Format Version 12.00
# Visual Studio Version 17
VisualStudioVersion = 17.5.002.0
MinimumVisualStudioVersion = 10.0.40219.1
Project("{2150E333-8FDC-42A3-9474-1A3956D46DE8}") = "Lesson3", "Lesson3", "{82BC12F4-3EC0-4447-BDE1-7453D76FDAE5}"
EndProject
Project("{9A19103F-16F7-4668-BE54-9A1E7A4F7556}") = "Task1", "Lesson3\Task1\Task1.csproj", "{E3138A4A-65A3-4461-82F9-75E863EBD5D8}"
EndProject
Project("{9A19103F-16F7-4668-BE54-9A1E7A4F7556}") = "Task2", "Lesson3\Task2\Task2.csproj", "{2964EA66-2B3E-43EE-8797-F245F45D9DF8}"
EndProject
Project("{9A19103F-16F7-4668-BE54-9A1E7A4F7556}") = "Task3", "Lesson3\Task3\Task3.csproj", "{06B9EB17-69B1-4026-AEFC-44BE72E80CB0}"
EndProject
Project("{2150E333-8FDC-42A3-9474-1A3956D46DE8}") = "Lesson5", "Lesson5", "{7CB7A1B9-E124-4AA0-AB92-7D47AD222AA5}"
EndProject
Project("{9A19103F-16F7-4668-BE54-9A1E7A4F7556}") = "Task1", "Lesson5\Task1\Task1.csproj", "{1596623E-3F3F-42A4-9C13-768495CEB355}"
EndProject
Project("{9A19103F-16F7-4668-BE54-9A1E7A4F7556}") = "Task2", "Lesson5\Task2\Task2.csproj", "{A3612774-EFC4-4F76-A367-4B7059219036}"
EndProject
Project("{9A19103F-16F7-4668-BE54-9A1E7A4F7556}") = "Task3", "Lesson5\Task3\Task3.csproj", "{3C9CE887-699F-4460-A806-62BC4F1BE6CB}"
EndProject
Project("{9A19103F-16F7-4668-BE54-9A1E7A4F7556}") = "Task4", "Lesson5\Task4\Task4.csproj", "{A0FDDC19-C962-450B-AB11-9F1BE48B9372}"
EndProject
Global
	GlobalSection(SolutionConfigurationPlatforms) = preSolution
		Debug|Any CPU = Debug|Any CPU
		Release|Any CPU = Release|Any CPU
	EndGlobalSection
	GlobalSection(ProjectConfigurationPlatforms) = postSolution
		{E3138A4A-65A3-4461-82F9-75E863EBD5D8}.Debug|Any CPU.ActiveCfg = Debug|Any CPU
		{E3138A4A-65A3-4461-82F9-75E863EBD5D8}.Debug|Any CPU.Build.0 = Debug|Any CPU
		{E3138A4A-65A3-4461-82F9-75E863EBD5D8}.Release|Any CPU.ActiveCfg = Release|Any CPU
		{E3138A4A-65A3-4461-82F9-75E863EBD5D8}.Release|Any CPU.Build.0 = Release|Any CPU
		{2964EA66-2B3E-43EE-8797-F245F45D9DF8}.Debug|Any CPU.ActiveCfg = Debug|Any CPU
		{2964EA66-2B3E-43EE-8797-F245F45D9DF8}.Debug|Any CPU.Build.0 = Debug|Any CPU
		{2964EA66-2B3E-43EE-8797-F245F45D9DF8}.Release|Any CPU.ActiveCfg = Release|Any CPU
		{2964EA66-2B3E-43EE-8797-F245F45D9DF8}.Release|Any CPU.Build.0 = Release|Any CPU
		{06B9EB17-69B1-4026-AEFC-44BE72E80CB0}.Debug|Any CPU.ActiveCfg = Debug|Any CPU
		{06B9EB17-69B1-4026-AEFC-44BE72E80CB0}.Debug|Any CPU.Build.0 = Debug|Any CPU
		{06B9EB17-69B1-4026-AEFC-44BE72E80CB0}.Release|Any CPU.ActiveCfg = Release|Any CPU
		{06B9EB17-69B1-4026-AEFC-44BE72E80CB0}.Release|Any CPU.Build.0 = Release|Any CPU
		{1596623E-3F3F-42A4-9C13-768495CEB355}.Debug|Any CPU.ActiveCfg = Debug|Any CPU
		{1596623E-3F3F-42A4-9C13-768495CEB355}.Debug|Any CPU.Build.0 = Debug|Any CPU
		{1596623E-3F3F-42A4-9C13-768495CEB355}.Release|Any CPU.ActiveCfg = Release|Any CPU
		{1596623E-3F3F-42A4-9C13-768495CEB355}.Release|Any CPU.Build.0 = Release|Any CPU
		{A3612774-EFC4-4F76-A367-4B7059219036}.Debug|Any CPU.ActiveCfg = Debug|Any CPU
		{A3612774-EFC4-4F76-A367-4B7059219036}.Debug|Any CPU.Build.0 = Debug|Any CPU
		{A3612774-EFC4-4F76-A367-4B7059219036}.Release|Any CPU.ActiveCfg = Release|Any CPU
		{A3612774-EFC4-4F76-A367-4B7059219036}.Release|Any CPU.Build.0 = Release|Any CPU
		{3C9CE887-699F-4460-A806-62BC4F1BE6CB}.Debug|Any CPU.ActiveCfg = Debug|Any CPU
		{3C9CE887-699F-4460-A806-62BC4F1BE6CB}.Debug|Any CPU.Build.0 = Debug|Any CPU
		{3C9CE887-699F-4460-A806-62BC4F1BE6CB}.Release|Any CPU.ActiveCfg = Release|Any CPU
		{3C9CE887-699F-4460-A806-62BC4F1BE6CB}.Release|Any CPU.Build.0 = Release|Any CPU
		{A0FDDC19-C962-450B-AB11-9F1BE48B9372}.Debug|Any CPU.ActiveCfg = Debug|Any CPU
		{A0FDDC19-C962-450B-AB11-9F1BE48B9372}.Debug|Any CPU.Build.0 = Debug|Any CPU
		{A0FDDC19-C962-450B-AB11-9F1BE48B9372}.Release|Any CPU.ActiveCfg = Release|Any CPU
		{A0FDDC19-C962-450B-AB11-9F1BE48B9372}.Release|Any CPU.Build.0 = Release|Any CPU
	EndGlobalSection
	GlobalSection(SolutionProperties) = preSolution
		HideSolutionNode = FALSE
	EndGlobalSection
	GlobalSection(NestedProjects) = preSolution
		{E3138A4A-65A3-4461-82F9-75E863EBD5D8} = {82BC12F4-3EC0-4447-BDE1-7453D76FDAE5}
		{2964EA66-2B3E-43EE-8797-F245F45D9DF8} = {82BC12F4-3EC0-4447-BDE1-7453D76FDAE5}
		{06B9EB17-69B1-4026-AEFC-44BE72E80CB0} = {82BC12F4-3EC0-4447-BDE1-7453D76FDAE5}
		{1596623E-3F3F-42A4-9C13-768495CEB355} = {7CB7A1B9-E124-4AA0-AB92-7D47AD222AA5}
		{A3612774-EFC4-4F76-A367-4B7059219036} = {7CB7A1B9-E124-4AA0-AB92-7D47AD222AA5}
		{3C9CE887-699F-4460-A806-62BC4F1BE6CB} = {7CB7A1B9-E124-4AA0-AB92-7D47AD222AA5}
		{A0FDDC19-C962-450B-AB11-9F1BE48B9372} = {7CB7A1B9-E124-4AA0-AB92-7D47AD222AA5}
	EndGlobalSection
	GlobalSection(ExtensibilityGlobals) = postSolution
		SolutionGuid = {0C2D4043-7D2E-418E-B963-F191E562E811}
	EndGlobalSection
EndGlobal
